
Microsoft Visual Studio Solution File, Format Version 12.00
# Visual Studio Version 16
VisualStudioVersion = 16.0.31112.23
MinimumVisualStudioVersion = 10.0.40219.1
Project("{FAE04EC0-301F-11D3-BF4B-00C04F79EFBC}") = "BraveWorld.Forms", "BraveWorld.Forms\BraveWorld.Forms.csproj", "{CB5818EB-1755-4D0B-A71F-522459EBB40F}"
EndProject
Project("{2150E333-8FDC-42A3-9474-1A3956D46DE8}") = "Solution Items", "Solution Items", "{766CE1BF-F0D8-4ECF-9F0D-FFCF1F70BF7A}"
	ProjectSection(SolutionItems) = preProject
		AssemblyInfo.targets = AssemblyInfo.targets
		global.json = global.json
	EndProjectSection
EndProject
Project("{FAE04EC0-301F-11D3-BF4B-00C04F79EFBC}") = "BraveWorld.Forms.Android", "BraveWorld.Forms.Android\BraveWorld.Forms.Android.csproj", "{53387742-14C2-42CE-956C-EDC3D3CD3078}"
EndProject
Project("{FAE04EC0-301F-11D3-BF4B-00C04F79EFBC}") = "BraveWorld.Forms.iOS", "BraveWorld.Forms.iOS\BraveWorld.Forms.iOS.csproj", "{11571770-A17B-4520-A8E1-6F0471A9F0DB}"
EndProject
Project("{FAE04EC0-301F-11D3-BF4B-00C04F79EFBC}") = "BraveWorld.Forms.UWP", "BraveWorld.Forms.UWP\BraveWorld.Forms.UWP.csproj", "{79C459F4-85CE-4097-9E6C-CAE4AE52B81A}"
EndProject
Global
	GlobalSection(SolutionConfigurationPlatforms) = preSolution
		Debug|Any CPU = Debug|Any CPU
		Debug|ARM = Debug|ARM
		Debug|ARM64 = Debug|ARM64
		Debug|iPhone = Debug|iPhone
		Debug|iPhoneSimulator = Debug|iPhoneSimulator
		Debug|x64 = Debug|x64
		Debug|x86 = Debug|x86
		Release|Any CPU = Release|Any CPU
		Release|ARM = Release|ARM
		Release|ARM64 = Release|ARM64
		Release|iPhone = Release|iPhone
		Release|iPhoneSimulator = Release|iPhoneSimulator
		Release|x64 = Release|x64
		Release|x86 = Release|x86
	EndGlobalSection
	GlobalSection(ProjectConfigurationPlatforms) = postSolution
		{CB5818EB-1755-4D0B-A71F-522459EBB40F}.Debug|Any CPU.ActiveCfg = Debug|Any CPU
		{CB5818EB-1755-4D0B-A71F-522459EBB40F}.Debug|Any CPU.Build.0 = Debug|Any CPU
		{CB5818EB-1755-4D0B-A71F-522459EBB40F}.Debug|ARM.ActiveCfg = Debug|Any CPU
		{CB5818EB-1755-4D0B-A71F-522459EBB40F}.Debug|ARM.Build.0 = Debug|Any CPU
		{CB5818EB-1755-4D0B-A71F-522459EBB40F}.Debug|ARM64.ActiveCfg = Debug|Any CPU
		{CB5818EB-1755-4D0B-A71F-522459EBB40F}.Debug|ARM64.Build.0 = Debug|Any CPU
		{CB5818EB-1755-4D0B-A71F-522459EBB40F}.Debug|iPhone.ActiveCfg = Debug|Any CPU
		{CB5818EB-1755-4D0B-A71F-522459EBB40F}.Debug|iPhone.Build.0 = Debug|Any CPU
		{CB5818EB-1755-4D0B-A71F-522459EBB40F}.Debug|iPhoneSimulator.ActiveCfg = Debug|Any CPU
		{CB5818EB-1755-4D0B-A71F-522459EBB40F}.Debug|iPhoneSimulator.Build.0 = Debug|Any CPU
		{CB5818EB-1755-4D0B-A71F-522459EBB40F}.Debug|x64.ActiveCfg = Debug|Any CPU
		{CB5818EB-1755-4D0B-A71F-522459EBB40F}.Debug|x64.Build.0 = Debug|Any CPU
		{CB5818EB-1755-4D0B-A71F-522459EBB40F}.Debug|x86.ActiveCfg = Debug|Any CPU
		{CB5818EB-1755-4D0B-A71F-522459EBB40F}.Debug|x86.Build.0 = Debug|Any CPU
		{CB5818EB-1755-4D0B-A71F-522459EBB40F}.Release|Any CPU.ActiveCfg = Release|Any CPU
		{CB5818EB-1755-4D0B-A71F-522459EBB40F}.Release|Any CPU.Build.0 = Release|Any CPU
		{CB5818EB-1755-4D0B-A71F-522459EBB40F}.Release|ARM.ActiveCfg = Release|Any CPU
		{CB5818EB-1755-4D0B-A71F-522459EBB40F}.Release|ARM.Build.0 = Release|Any CPU
		{CB5818EB-1755-4D0B-A71F-522459EBB40F}.Release|ARM64.ActiveCfg = Release|Any CPU
		{CB5818EB-1755-4D0B-A71F-522459EBB40F}.Release|ARM64.Build.0 = Release|Any CPU
		{CB5818EB-1755-4D0B-A71F-522459EBB40F}.Release|iPhone.ActiveCfg = Release|Any CPU
		{CB5818EB-1755-4D0B-A71F-522459EBB40F}.Release|iPhone.Build.0 = Release|Any CPU
		{CB5818EB-1755-4D0B-A71F-522459EBB40F}.Release|iPhoneSimulator.ActiveCfg = Release|Any CPU
		{CB5818EB-1755-4D0B-A71F-522459EBB40F}.Release|iPhoneSimulator.Build.0 = Release|Any CPU
		{CB5818EB-1755-4D0B-A71F-522459EBB40F}.Release|x64.ActiveCfg = Release|Any CPU
		{CB5818EB-1755-4D0B-A71F-522459EBB40F}.Release|x64.Build.0 = Release|Any CPU
		{CB5818EB-1755-4D0B-A71F-522459EBB40F}.Release|x86.ActiveCfg = Release|Any CPU
		{CB5818EB-1755-4D0B-A71F-522459EBB40F}.Release|x86.Build.0 = Release|Any CPU
		{53387742-14C2-42CE-956C-EDC3D3CD3078}.Debug|Any CPU.ActiveCfg = Debug|Any CPU
		{53387742-14C2-42CE-956C-EDC3D3CD3078}.Debug|Any CPU.Deploy.0 = Debug|Any CPU
		{53387742-14C2-42CE-956C-EDC3D3CD3078}.Debug|ARM.ActiveCfg = Debug|Any CPU
		{53387742-14C2-42CE-956C-EDC3D3CD3078}.Debug|ARM.Build.0 = Debug|Any CPU
		{53387742-14C2-42CE-956C-EDC3D3CD3078}.Debug|ARM.Deploy.0 = Debug|Any CPU
		{53387742-14C2-42CE-956C-EDC3D3CD3078}.Debug|ARM64.ActiveCfg = Debug|Any CPU
		{53387742-14C2-42CE-956C-EDC3D3CD3078}.Debug|ARM64.Build.0 = Debug|Any CPU
		{53387742-14C2-42CE-956C-EDC3D3CD3078}.Debug|ARM64.Deploy.0 = Debug|Any CPU
		{53387742-14C2-42CE-956C-EDC3D3CD3078}.Debug|iPhone.ActiveCfg = Debug|Any CPU
		{53387742-14C2-42CE-956C-EDC3D3CD3078}.Debug|iPhone.Build.0 = Debug|Any CPU
		{53387742-14C2-42CE-956C-EDC3D3CD3078}.Debug|iPhone.Deploy.0 = Debug|Any CPU
		{53387742-14C2-42CE-956C-EDC3D3CD3078}.Debug|iPhoneSimulator.ActiveCfg = Debug|Any CPU
		{53387742-14C2-42CE-956C-EDC3D3CD3078}.Debug|iPhoneSimulator.Build.0 = Debug|Any CPU
		{53387742-14C2-42CE-956C-EDC3D3CD3078}.Debug|iPhoneSimulator.Deploy.0 = Debug|Any CPU
		{53387742-14C2-42CE-956C-EDC3D3CD3078}.Debug|x64.ActiveCfg = Debug|Any CPU
		{53387742-14C2-42CE-956C-EDC3D3CD3078}.Debug|x64.Build.0 = Debug|Any CPU
		{53387742-14C2-42CE-956C-EDC3D3CD3078}.Debug|x64.Deploy.0 = Debug|Any CPU
		{53387742-14C2-42CE-956C-EDC3D3CD3078}.Debug|x86.ActiveCfg = Debug|Any CPU
		{53387742-14C2-42CE-956C-EDC3D3CD3078}.Debug|x86.Build.0 = Debug|Any CPU
		{53387742-14C2-42CE-956C-EDC3D3CD3078}.Debug|x86.Deploy.0 = Debug|Any CPU
		{53387742-14C2-42CE-956C-EDC3D3CD3078}.Release|Any CPU.ActiveCfg = Release|Any CPU
		{53387742-14C2-42CE-956C-EDC3D3CD3078}.Release|Any CPU.Build.0 = Release|Any CPU
		{53387742-14C2-42CE-956C-EDC3D3CD3078}.Release|Any CPU.Deploy.0 = Release|Any CPU
		{53387742-14C2-42CE-956C-EDC3D3CD3078}.Release|ARM.ActiveCfg = Release|Any CPU
		{53387742-14C2-42CE-956C-EDC3D3CD3078}.Release|ARM.Build.0 = Release|Any CPU
		{53387742-14C2-42CE-956C-EDC3D3CD3078}.Release|ARM.Deploy.0 = Release|Any CPU
		{53387742-14C2-42CE-956C-EDC3D3CD3078}.Release|ARM64.ActiveCfg = Release|Any CPU
		{53387742-14C2-42CE-956C-EDC3D3CD3078}.Release|ARM64.Build.0 = Release|Any CPU
		{53387742-14C2-42CE-956C-EDC3D3CD3078}.Release|ARM64.Deploy.0 = Release|Any CPU
		{53387742-14C2-42CE-956C-EDC3D3CD3078}.Release|iPhone.ActiveCfg = Release|Any CPU
		{53387742-14C2-42CE-956C-EDC3D3CD3078}.Release|iPhone.Build.0 = Release|Any CPU
		{53387742-14C2-42CE-956C-EDC3D3CD3078}.Release|iPhone.Deploy.0 = Release|Any CPU
		{53387742-14C2-42CE-956C-EDC3D3CD3078}.Release|iPhoneSimulator.ActiveCfg = Release|Any CPU
		{53387742-14C2-42CE-956C-EDC3D3CD3078}.Release|iPhoneSimulator.Build.0 = Release|Any CPU
		{53387742-14C2-42CE-956C-EDC3D3CD3078}.Release|iPhoneSimulator.Deploy.0 = Release|Any CPU
		{53387742-14C2-42CE-956C-EDC3D3CD3078}.Release|x64.ActiveCfg = Release|Any CPU
		{53387742-14C2-42CE-956C-EDC3D3CD3078}.Release|x64.Build.0 = Release|Any CPU
		{53387742-14C2-42CE-956C-EDC3D3CD3078}.Release|x64.Deploy.0 = Release|Any CPU
		{53387742-14C2-42CE-956C-EDC3D3CD3078}.Release|x86.ActiveCfg = Release|Any CPU
		{53387742-14C2-42CE-956C-EDC3D3CD3078}.Release|x86.Build.0 = Release|Any CPU
		{53387742-14C2-42CE-956C-EDC3D3CD3078}.Release|x86.Deploy.0 = Release|Any CPU
		{11571770-A17B-4520-A8E1-6F0471A9F0DB}.Debug|Any CPU.ActiveCfg = Debug|Any CPU
		{11571770-A17B-4520-A8E1-6F0471A9F0DB}.Debug|ARM.ActiveCfg = Debug|iPhoneSimulator
		{11571770-A17B-4520-A8E1-6F0471A9F0DB}.Debug|ARM64.ActiveCfg = Debug|iPhoneSimulator
		{11571770-A17B-4520-A8E1-6F0471A9F0DB}.Debug|iPhone.ActiveCfg = Debug|iPhone
		{11571770-A17B-4520-A8E1-6F0471A9F0DB}.Debug|iPhone.Build.0 = Debug|iPhone
		{11571770-A17B-4520-A8E1-6F0471A9F0DB}.Debug|iPhoneSimulator.ActiveCfg = Debug|iPhoneSimulator
		{11571770-A17B-4520-A8E1-6F0471A9F0DB}.Debug|iPhoneSimulator.Build.0 = Debug|iPhoneSimulator
		{11571770-A17B-4520-A8E1-6F0471A9F0DB}.Debug|x64.ActiveCfg = Debug|iPhoneSimulator
		{11571770-A17B-4520-A8E1-6F0471A9F0DB}.Debug|x86.ActiveCfg = Debug|iPhoneSimulator
		{11571770-A17B-4520-A8E1-6F0471A9F0DB}.Release|Any CPU.ActiveCfg = Release|iPhoneSimulator
		{11571770-A17B-4520-A8E1-6F0471A9F0DB}.Release|ARM.ActiveCfg = Release|iPhoneSimulator
		{11571770-A17B-4520-A8E1-6F0471A9F0DB}.Release|ARM64.ActiveCfg = Release|iPhoneSimulator
		{11571770-A17B-4520-A8E1-6F0471A9F0DB}.Release|iPhone.ActiveCfg = Release|iPhone
		{11571770-A17B-4520-A8E1-6F0471A9F0DB}.Release|iPhone.Build.0 = Release|iPhone
		{11571770-A17B-4520-A8E1-6F0471A9F0DB}.Release|iPhoneSimulator.ActiveCfg = Release|iPhoneSimulator
		{11571770-A17B-4520-A8E1-6F0471A9F0DB}.Release|iPhoneSimulator.Build.0 = Release|iPhoneSimulator
		{11571770-A17B-4520-A8E1-6F0471A9F0DB}.Release|x64.ActiveCfg = Release|iPhoneSimulator
		{11571770-A17B-4520-A8E1-6F0471A9F0DB}.Release|x86.ActiveCfg = Release|iPhoneSimulator
		{79C459F4-85CE-4097-9E6C-CAE4AE52B81A}.Debug|Any CPU.ActiveCfg = Debug|x86
		{79C459F4-85CE-4097-9E6C-CAE4AE52B81A}.Debug|ARM.ActiveCfg = Debug|ARM
		{79C459F4-85CE-4097-9E6C-CAE4AE52B81A}.Debug|ARM.Build.0 = Debug|ARM
		{79C459F4-85CE-4097-9E6C-CAE4AE52B81A}.Debug|ARM.Deploy.0 = Debug|ARM
		{79C459F4-85CE-4097-9E6C-CAE4AE52B81A}.Debug|ARM64.ActiveCfg = Debug|ARM64
		{79C459F4-85CE-4097-9E6C-CAE4AE52B81A}.Debug|ARM64.Build.0 = Debug|ARM64
		{79C459F4-85CE-4097-9E6C-CAE4AE52B81A}.Debug|ARM64.Deploy.0 = Debug|ARM64
		{79C459F4-85CE-4097-9E6C-CAE4AE52B81A}.Debug|iPhone.ActiveCfg = Debug|x86
		{79C459F4-85CE-4097-9E6C-CAE4AE52B81A}.Debug|iPhoneSimulator.ActiveCfg = Debug|x86
		{79C459F4-85CE-4097-9E6C-CAE4AE52B81A}.Debug|x64.ActiveCfg = Debug|x64
		{79C459F4-85CE-4097-9E6C-CAE4AE52B81A}.Debug|x64.Build.0 = Debug|x64
		{79C459F4-85CE-4097-9E6C-CAE4AE52B81A}.Debug|x64.Deploy.0 = Debug|x64
		{79C459F4-85CE-4097-9E6C-CAE4AE52B81A}.Debug|x86.ActiveCfg = Debug|x86
		{79C459F4-85CE-4097-9E6C-CAE4AE52B81A}.Debug|x86.Build.0 = Debug|x86
		{79C459F4-85CE-4097-9E6C-CAE4AE52B81A}.Debug|x86.Deploy.0 = Debug|x86
		{79C459F4-85CE-4097-9E6C-CAE4AE52B81A}.Release|Any CPU.ActiveCfg = Release|x86
		{79C459F4-85CE-4097-9E6C-CAE4AE52B81A}.Release|ARM.ActiveCfg = Release|ARM
		{79C459F4-85CE-4097-9E6C-CAE4AE52B81A}.Release|ARM.Build.0 = Release|ARM
		{79C459F4-85CE-4097-9E6C-CAE4AE52B81A}.Release|ARM.Deploy.0 = Release|ARM
		{79C459F4-85CE-4097-9E6C-CAE4AE52B81A}.Release|ARM64.ActiveCfg = Release|ARM64
		{79C459F4-85CE-4097-9E6C-CAE4AE52B81A}.Release|ARM64.Build.0 = Release|ARM64
		{79C459F4-85CE-4097-9E6C-CAE4AE52B81A}.Release|ARM64.Deploy.0 = Release|ARM64
		{79C459F4-85CE-4097-9E6C-CAE4AE52B81A}.Release|iPhone.ActiveCfg = Release|x86
		{79C459F4-85CE-4097-9E6C-CAE4AE52B81A}.Release|iPhoneSimulator.ActiveCfg = Release|x86
		{79C459F4-85CE-4097-9E6C-CAE4AE52B81A}.Release|x64.ActiveCfg = Release|x64
		{79C459F4-85CE-4097-9E6C-CAE4AE52B81A}.Release|x64.Build.0 = Release|x64
		{79C459F4-85CE-4097-9E6C-CAE4AE52B81A}.Release|x64.Deploy.0 = Release|x64
		{79C459F4-85CE-4097-9E6C-CAE4AE52B81A}.Release|x86.ActiveCfg = Release|x86
		{79C459F4-85CE-4097-9E6C-CAE4AE52B81A}.Release|x86.Build.0 = Release|x86
		{79C459F4-85CE-4097-9E6C-CAE4AE52B81A}.Release|x86.Deploy.0 = Release|x86
	EndGlobalSection
	GlobalSection(SolutionProperties) = preSolution
		HideSolutionNode = FALSE
	EndGlobalSection
	GlobalSection(ExtensibilityGlobals) = postSolution
		SolutionGuid = {0E09283C-5EAA-4F01-8675-83827053E3C8}
	EndGlobalSection
EndGlobal
